Microsoft Visual Studio Solution File, Format Version 7.00
Project("{8BC9CEB8-8B4A-11D0-8D11-00A0C91BC942}") = "zlibvc", "zlibvc.vcproj", "{8FD826F8-3739-44E6-8CC8-997122E53B8D}"
EndProject
Global
	GlobalSection(SolutionConfiguration) = preSolution
		ConfigName.0 = Debug
		ConfigName.1 = Release
		ConfigName.2 = ReleaseAxp
		ConfigName.3 = ReleaseWithoutAsm
		ConfigName.4 = ReleaseWithoutCrtdll
	EndGlobalSection
	GlobalSection(ProjectDependencies) = postSolution
	EndGlobalSection
	GlobalSection(ProjectConfiguration) = postSolution
		{8FD826F8-3739-44E6-8CC8-997122E53B8D}.Debug.ActiveCfg = Debug|Win32
		{8FD826F8-3739-44E6-8CC8-997122E53B8D}.Debug.Build.0 = Debug|Win32
		{8FD826F8-3739-44E6-8CC8-997122E53B8D}.Release.ActiveCfg = Release|Win32
		{8FD826F8-3739-44E6-8CC8-997122E53B8D}.Release.Build.0 = Release|Win32
		{8FD826F8-3739-44E6-8CC8-997122E53B8D}.ReleaseAxp.ActiveCfg = ReleaseAxp|Win32
		{8FD826F8-3739-44E6-8CC8-997122E53B8D}.ReleaseAxp.Build.0 = ReleaseAxp|Win32
		{8FD826F8-3739-44E6-8CC8-997122E53B8D}.ReleaseWithoutAsm.ActiveCfg = ReleaseWithoutAsm|Win32
		{8FD826F8-3739-44E6-8CC8-997122E53B8D}.ReleaseWithoutAsm.Build.0 = ReleaseWithoutAsm|Win32
		{8FD826F8-3739-44E6-8CC8-997122E53B8D}.ReleaseWithoutCrtdll.ActiveCfg = ReleaseWithoutCrtdll|Win32
		{8FD826F8-3739-44E6-8CC8-997122E53B8D}.ReleaseWithoutCrtdll.Build.0 = ReleaseWithoutCrtdll|Win32
	EndGlobalSection
	GlobalSection(ExtensibilityGlobals) = postSolution
	EndGlobalSection
	GlobalSection(ExtensibilityAddIns) = postSolution
	EndGlobalSection
EndGlobal
