Microsoft Visual Studio Solution File, Format Version 8.00
Project("{8BC9CEB8-8B4A-11D0-8D11-00A0C91BC942}") = "emule", "emule_vc71.vcproj", "{584EA69D-3443-4197-8994-364880FC1B9B}"
	ProjectSection(ProjectDependencies) = postProject
		{18E0A60D-3346-431A-B24D-304A002E88A4} = {18E0A60D-3346-431A-B24D-304A002E88A4}
		{DD60F813-5115-4A7E-B7C4-A5DCB15231BF} = {DD60F813-5115-4A7E-B7C4-A5DCB15231BF}
		{B437B84A-B4B0-4389-BF5B-7E25FD9DCF3D} = {B437B84A-B4B0-4389-BF5B-7E25FD9DCF3D}
		{4AACBF8D-B90F-41AD-A5BE-D5E557C668E3} = {4AACBF8D-B90F-41AD-A5BE-D5E557C668E3}
		{0F8DCF94-305E-4655-AFBD-80FF4CF86316} = {0F8DCF94-305E-4655-AFBD-80FF4CF86316}
		{CC763AB0-5EBF-4A3F-884D-F5E2D12E12F3} = {CC763AB0-5EBF-4A3F-884D-F5E2D12E12F3}
		{E27AB0B5-84CC-47E8-8F43-34C4F3FDA71E} = {E27AB0B5-84CC-47E8-8F43-34C4F3FDA71E}
	EndProjectSection
EndProject
Project("{8BC9CEB8-8B4A-11D0-8D11-00A0C91BC942}") = "cryptlib", "..\crypto51\cryptlib_vc71.vcproj", "{DD60F813-5115-4A7E-B7C4-A5DCB15231BF}"
	ProjectSection(ProjectDependencies) = postProject
	EndProjectSection
EndProject
Project("{8BC9CEB8-8B4A-11D0-8D11-00A0C91BC942}") = "id3lib", "..\id3lib\libprj\id3lib_vc71.vcproj", "{4AACBF8D-B90F-41AD-A5BE-D5E557C668E3}"
	ProjectSection(ProjectDependencies) = postProject
	EndProjectSection
EndProject
Project("{8BC9CEB8-8B4A-11D0-8D11-00A0C91BC942}") = "ResizableLib", "..\ResizableLib\ResizableLib_vc71.vcproj", "{18E0A60D-3346-431A-B24D-304A002E88A4}"
	ProjectSection(ProjectDependencies) = postProject
	EndProjectSection
EndProject
Project("{8BC9CEB8-8B4A-11D0-8D11-00A0C91BC942}") = "CxImage", "CxImage\cximage_vc71.vcproj", "{B437B84A-B4B0-4389-BF5B-7E25FD9DCF3D}"
	ProjectSection(ProjectDependencies) = postProject
	EndProjectSection
EndProject
Project("{8BC9CEB8-8B4A-11D0-8D11-00A0C91BC942}") = "zlib", "..\zlib\zlib_vc71.vcproj", "{0F8DCF94-305E-4655-AFBD-80FF4CF86316}"
	ProjectSection(ProjectDependencies) = postProject
	EndProjectSection
EndProject
Project("{8BC9CEB8-8B4A-11D0-8D11-00A0C91BC942}") = "libpng", "..\libpng\projects\visualc71\libpng.vcproj", "{E27AB0B5-84CC-47E8-8F43-34C4F3FDA71E}"
	ProjectSection(ProjectDependencies) = postProject
	EndProjectSection
EndProject
Project("{8BC9CEB8-8B4A-11D0-8D11-00A0C91BC942}") = "miniupnpc", "miniupnpc\miniupnpc.vcproj", "{CC763AB0-5EBF-4A3F-884D-F5E2D12E12F3}"
	ProjectSection(ProjectDependencies) = postProject
	EndProjectSection
EndProject
Global
	GlobalSection(SolutionConfiguration) = preSolution
		Debug = Debug
		Debug (MSLU) = Debug (MSLU)
		DLL ASM Debug = DLL ASM Debug
		DLL ASM Release = DLL ASM Release
		DLL Debug = DLL Debug
		DLL Release = DLL Release
		DLL VB = DLL VB
		LIB ASM Debug = LIB ASM Debug
		LIB ASM Release = LIB ASM Release
		LIB Debug = LIB Debug
		LIB Release = LIB Release
		Release = Release
		Unicode Debug = Unicode Debug
		Unicode Release = Unicode Release
	EndGlobalSection
	GlobalSection(ProjectDependencies) = postSolution
	EndGlobalSection
	GlobalSection(ProjectConfiguration) = postSolution
		{584EA69D-3443-4197-8994-364880FC1B9B}.Debug.ActiveCfg = Debug|Win32
		{584EA69D-3443-4197-8994-364880FC1B9B}.Debug.Build.0 = Debug|Win32
		{584EA69D-3443-4197-8994-364880FC1B9B}.Debug (MSLU).ActiveCfg = Debug (MSLU)|Win32
		{584EA69D-3443-4197-8994-364880FC1B9B}.Debug (MSLU).Build.0 = Debug (MSLU)|Win32
		{584EA69D-3443-4197-8994-364880FC1B9B}.DLL ASM Debug.ActiveCfg = Debug|Win32
		{584EA69D-3443-4197-8994-364880FC1B9B}.DLL ASM Debug.Build.0 = Debug|Win32
		{584EA69D-3443-4197-8994-364880FC1B9B}.DLL ASM Release.ActiveCfg = Release|Win32
		{584EA69D-3443-4197-8994-364880FC1B9B}.DLL ASM Release.Build.0 = Release|Win32
		{584EA69D-3443-4197-8994-364880FC1B9B}.DLL Debug.ActiveCfg = Debug|Win32
		{584EA69D-3443-4197-8994-364880FC1B9B}.DLL Debug.Build.0 = Debug|Win32
		{584EA69D-3443-4197-8994-364880FC1B9B}.DLL Release.ActiveCfg = Release|Win32
		{584EA69D-3443-4197-8994-364880FC1B9B}.DLL Release.Build.0 = Release|Win32
		{584EA69D-3443-4197-8994-364880FC1B9B}.DLL VB.ActiveCfg = Debug (MSLU)|Win32
		{584EA69D-3443-4197-8994-364880FC1B9B}.DLL VB.Build.0 = Debug (MSLU)|Win32
		{584EA69D-3443-4197-8994-364880FC1B9B}.LIB ASM Debug.ActiveCfg = Debug|Win32
		{584EA69D-3443-4197-8994-364880FC1B9B}.LIB ASM Debug.Build.0 = Debug|Win32
		{584EA69D-3443-4197-8994-364880FC1B9B}.LIB ASM Release.ActiveCfg = Release|Win32
		{584EA69D-3443-4197-8994-364880FC1B9B}.LIB ASM Release.Build.0 = Release|Win32
		{584EA69D-3443-4197-8994-364880FC1B9B}.LIB Debug.ActiveCfg = Debug|Win32
		{584EA69D-3443-4197-8994-364880FC1B9B}.LIB Debug.Build.0 = Debug|Win32
		{584EA69D-3443-4197-8994-364880FC1B9B}.LIB Release.ActiveCfg = Release|Win32
		{584EA69D-3443-4197-8994-364880FC1B9B}.LIB Release.Build.0 = Release|Win32
		{584EA69D-3443-4197-8994-364880FC1B9B}.Release.ActiveCfg = Release|Win32
		{584EA69D-3443-4197-8994-364880FC1B9B}.Release.Build.0 = Release|Win32
		{584EA69D-3443-4197-8994-364880FC1B9B}.Unicode Debug.ActiveCfg = Debug|Win32
		{584EA69D-3443-4197-8994-364880FC1B9B}.Unicode Debug.Build.0 = Debug|Win32
		{584EA69D-3443-4197-8994-364880FC1B9B}.Unicode Release.ActiveCfg = Release|Win32
		{584EA69D-3443-4197-8994-364880FC1B9B}.Unicode Release.Build.0 = Release|Win32
		{DD60F813-5115-4A7E-B7C4-A5DCB15231BF}.Debug.ActiveCfg = Debug|Win32
		{DD60F813-5115-4A7E-B7C4-A5DCB15231BF}.Debug.Build.0 = Debug|Win32
		{DD60F813-5115-4A7E-B7C4-A5DCB15231BF}.Debug (MSLU).ActiveCfg = Debug|Win32
		{DD60F813-5115-4A7E-B7C4-A5DCB15231BF}.Debug (MSLU).Build.0 = Debug|Win32
		{DD60F813-5115-4A7E-B7C4-A5DCB15231BF}.DLL ASM Debug.ActiveCfg = Debug|Win32
		{DD60F813-5115-4A7E-B7C4-A5DCB15231BF}.DLL ASM Debug.Build.0 = Debug|Win32
		{DD60F813-5115-4A7E-B7C4-A5DCB15231BF}.DLL ASM Release.ActiveCfg = Release|Win32
		{DD60F813-5115-4A7E-B7C4-A5DCB15231BF}.DLL ASM Release.Build.0 = Release|Win32
		{DD60F813-5115-4A7E-B7C4-A5DCB15231BF}.DLL Debug.ActiveCfg = Debug|Win32
		{DD60F813-5115-4A7E-B7C4-A5DCB15231BF}.DLL Debug.Build.0 = Debug|Win32
		{DD60F813-5115-4A7E-B7C4-A5DCB15231BF}.DLL Release.ActiveCfg = Release|Win32
		{DD60F813-5115-4A7E-B7C4-A5DCB15231BF}.DLL Release.Build.0 = Release|Win32
		{DD60F813-5115-4A7E-B7C4-A5DCB15231BF}.DLL VB.ActiveCfg = Debug|Win32
		{DD60F813-5115-4A7E-B7C4-A5DCB15231BF}.DLL VB.Build.0 = Debug|Win32
		{DD60F813-5115-4A7E-B7C4-A5DCB15231BF}.LIB ASM Debug.ActiveCfg = Debug|Win32
		{DD60F813-5115-4A7E-B7C4-A5DCB15231BF}.LIB ASM Debug.Build.0 = Debug|Win32
		{DD60F813-5115-4A7E-B7C4-A5DCB15231BF}.LIB ASM Release.ActiveCfg = Release|Win32
		{DD60F813-5115-4A7E-B7C4-A5DCB15231BF}.LIB ASM Release.Build.0 = Release|Win32
		{DD60F813-5115-4A7E-B7C4-A5DCB15231BF}.LIB Debug.ActiveCfg = Debug|Win32
		{DD60F813-5115-4A7E-B7C4-A5DCB15231BF}.LIB Debug.Build.0 = Debug|Win32
		{DD60F813-5115-4A7E-B7C4-A5DCB15231BF}.LIB Release.ActiveCfg = Release|Win32
		{DD60F813-5115-4A7E-B7C4-A5DCB15231BF}.LIB Release.Build.0 = Release|Win32
		{DD60F813-5115-4A7E-B7C4-A5DCB15231BF}.Release.ActiveCfg = Release|Win32
		{DD60F813-5115-4A7E-B7C4-A5DCB15231BF}.Release.Build.0 = Release|Win32
		{DD60F813-5115-4A7E-B7C4-A5DCB15231BF}.Unicode Debug.ActiveCfg = Debug|Win32
		{DD60F813-5115-4A7E-B7C4-A5DCB15231BF}.Unicode Debug.Build.0 = Debug|Win32
		{DD60F813-5115-4A7E-B7C4-A5DCB15231BF}.Unicode Release.ActiveCfg = Release|Win32
		{DD60F813-5115-4A7E-B7C4-A5DCB15231BF}.Unicode Release.Build.0 = Release|Win32
		{4AACBF8D-B90F-41AD-A5BE-D5E557C668E3}.Debug.ActiveCfg = Debug|Win32
		{4AACBF8D-B90F-41AD-A5BE-D5E557C668E3}.Debug.Build.0 = Debug|Win32
		{4AACBF8D-B90F-41AD-A5BE-D5E557C668E3}.Debug (MSLU).ActiveCfg = Debug|Win32
		{4AACBF8D-B90F-41AD-A5BE-D5E557C668E3}.Debug (MSLU).Build.0 = Debug|Win32
		{4AACBF8D-B90F-41AD-A5BE-D5E557C668E3}.DLL ASM Debug.ActiveCfg = Debug|Win32
		{4AACBF8D-B90F-41AD-A5BE-D5E557C668E3}.DLL ASM Debug.Build.0 = Debug|Win32
		{4AACBF8D-B90F-41AD-A5BE-D5E557C668E3}.DLL ASM Release.ActiveCfg = Release|Win32
		{4AACBF8D-B90F-41AD-A5BE-D5E557C668E3}.DLL ASM Release.Build.0 = Release|Win32
		{4AACBF8D-B90F-41AD-A5BE-D5E557C668E3}.DLL Debug.ActiveCfg = Debug|Win32
		{4AACBF8D-B90F-41AD-A5BE-D5E557C668E3}.DLL Debug.Build.0 = Debug|Win32
		{4AACBF8D-B90F-41AD-A5BE-D5E557C668E3}.DLL Release.ActiveCfg = Release|Win32
		{4AACBF8D-B90F-41AD-A5BE-D5E557C668E3}.DLL Release.Build.0 = Release|Win32
		{4AACBF8D-B90F-41AD-A5BE-D5E557C668E3}.DLL VB.ActiveCfg = Debug|Win32
		{4AACBF8D-B90F-41AD-A5BE-D5E557C668E3}.DLL VB.Build.0 = Debug|Win32
		{4AACBF8D-B90F-41AD-A5BE-D5E557C668E3}.LIB ASM Debug.ActiveCfg = Debug|Win32
		{4AACBF8D-B90F-41AD-A5BE-D5E557C668E3}.LIB ASM Debug.Build.0 = Debug|Win32
		{4AACBF8D-B90F-41AD-A5BE-D5E557C668E3}.LIB ASM Release.ActiveCfg = Release|Win32
		{4AACBF8D-B90F-41AD-A5BE-D5E557C668E3}.LIB ASM Release.Build.0 = Release|Win32
		{4AACBF8D-B90F-41AD-A5BE-D5E557C668E3}.LIB Debug.ActiveCfg = Debug|Win32
		{4AACBF8D-B90F-41AD-A5BE-D5E557C668E3}.LIB Debug.Build.0 = Debug|Win32
		{4AACBF8D-B90F-41AD-A5BE-D5E557C668E3}.LIB Release.ActiveCfg = Release|Win32
		{4AACBF8D-B90F-41AD-A5BE-D5E557C668E3}.LIB Release.Build.0 = Release|Win32
		{4AACBF8D-B90F-41AD-A5BE-D5E557C668E3}.Release.ActiveCfg = Release|Win32
		{4AACBF8D-B90F-41AD-A5BE-D5E557C668E3}.Release.Build.0 = Release|Win32
		{4AACBF8D-B90F-41AD-A5BE-D5E557C668E3}.Unicode Debug.ActiveCfg = Debug|Win32
		{4AACBF8D-B90F-41AD-A5BE-D5E557C668E3}.Unicode Debug.Build.0 = Debug|Win32
		{4AACBF8D-B90F-41AD-A5BE-D5E557C668E3}.Unicode Release.ActiveCfg = Release|Win32
		{4AACBF8D-B90F-41AD-A5BE-D5E557C668E3}.Unicode Release.Build.0 = Release|Win32
		{18E0A60D-3346-431A-B24D-304A002E88A4}.Debug.ActiveCfg = Unicode Debug|Win32
		{18E0A60D-3346-431A-B24D-304A002E88A4}.Debug.Build.0 = Unicode Debug|Win32
		{18E0A60D-3346-431A-B24D-304A002E88A4}.Debug (MSLU).ActiveCfg = Debug|Win32
		{18E0A60D-3346-431A-B24D-304A002E88A4}.Debug (MSLU).Build.0 = Debug|Win32
		{18E0A60D-3346-431A-B24D-304A002E88A4}.DLL ASM Debug.ActiveCfg = Debug|Win32
		{18E0A60D-3346-431A-B24D-304A002E88A4}.DLL ASM Debug.Build.0 = Debug|Win32
		{18E0A60D-3346-431A-B24D-304A002E88A4}.DLL ASM Release.ActiveCfg = Release|Win32
		{18E0A60D-3346-431A-B24D-304A002E88A4}.DLL ASM Release.Build.0 = Release|Win32
		{18E0A60D-3346-431A-B24D-304A002E88A4}.DLL Debug.ActiveCfg = Debug|Win32
		{18E0A60D-3346-431A-B24D-304A002E88A4}.DLL Debug.Build.0 = Debug|Win32
		{18E0A60D-3346-431A-B24D-304A002E88A4}.DLL Release.ActiveCfg = Release|Win32
		{18E0A60D-3346-431A-B24D-304A002E88A4}.DLL Release.Build.0 = Release|Win32
		{18E0A60D-3346-431A-B24D-304A002E88A4}.DLL VB.ActiveCfg = Debug|Win32
		{18E0A60D-3346-431A-B24D-304A002E88A4}.DLL VB.Build.0 = Debug|Win32
		{18E0A60D-3346-431A-B24D-304A002E88A4}.LIB ASM Debug.ActiveCfg = Debug|Win32
		{18E0A60D-3346-431A-B24D-304A002E88A4}.LIB ASM Debug.Build.0 = Debug|Win32
		{18E0A60D-3346-431A-B24D-304A002E88A4}.LIB ASM Release.ActiveCfg = Release|Win32
		{18E0A60D-3346-431A-B24D-304A002E88A4}.LIB ASM Release.Build.0 = Release|Win32
		{18E0A60D-3346-431A-B24D-304A002E88A4}.LIB Debug.ActiveCfg = Debug|Win32
		{18E0A60D-3346-431A-B24D-304A002E88A4}.LIB Debug.Build.0 = Debug|Win32
		{18E0A60D-3346-431A-B24D-304A002E88A4}.LIB Release.ActiveCfg = Release|Win32
		{18E0A60D-3346-431A-B24D-304A002E88A4}.LIB Release.Build.0 = Release|Win32
		{18E0A60D-3346-431A-B24D-304A002E88A4}.Release.ActiveCfg = Unicode Release|Win32
		{18E0A60D-3346-431A-B24D-304A002E88A4}.Release.Build.0 = Unicode Release|Win32
		{18E0A60D-3346-431A-B24D-304A002E88A4}.Unicode Debug.ActiveCfg = Unicode Debug|Win32
		{18E0A60D-3346-431A-B24D-304A002E88A4}.Unicode Debug.Build.0 = Unicode Debug|Win32
		{18E0A60D-3346-431A-B24D-304A002E88A4}.Unicode Release.ActiveCfg = Unicode Release|Win32
		{18E0A60D-3346-431A-B24D-304A002E88A4}.Unicode Release.Build.0 = Unicode Release|Win32
		{B437B84A-B4B0-4389-BF5B-7E25FD9DCF3D}.Debug.ActiveCfg = Debug|Win32
		{B437B84A-B4B0-4389-BF5B-7E25FD9DCF3D}.Debug.Build.0 = Debug|Win32
		{B437B84A-B4B0-4389-BF5B-7E25FD9DCF3D}.Debug (MSLU).ActiveCfg = Debug|Win32
		{B437B84A-B4B0-4389-BF5B-7E25FD9DCF3D}.Debug (MSLU).Build.0 = Debug|Win32
		{B437B84A-B4B0-4389-BF5B-7E25FD9DCF3D}.DLL ASM Debug.ActiveCfg = Debug|Win32
		{B437B84A-B4B0-4389-BF5B-7E25FD9DCF3D}.DLL ASM Debug.Build.0 = Debug|Win32
		{B437B84A-B4B0-4389-BF5B-7E25FD9DCF3D}.DLL ASM Release.ActiveCfg = Release|Win32
		{B437B84A-B4B0-4389-BF5B-7E25FD9DCF3D}.DLL ASM Release.Build.0 = Release|Win32
		{B437B84A-B4B0-4389-BF5B-7E25FD9DCF3D}.DLL Debug.ActiveCfg = Debug|Win32
		{B437B84A-B4B0-4389-BF5B-7E25FD9DCF3D}.DLL Debug.Build.0 = Debug|Win32
		{B437B84A-B4B0-4389-BF5B-7E25FD9DCF3D}.DLL Release.ActiveCfg = Release|Win32
		{B437B84A-B4B0-4389-BF5B-7E25FD9DCF3D}.DLL Release.Build.0 = Release|Win32
		{B437B84A-B4B0-4389-BF5B-7E25FD9DCF3D}.DLL VB.ActiveCfg = Debug|Win32
		{B437B84A-B4B0-4389-BF5B-7E25FD9DCF3D}.DLL VB.Build.0 = Debug|Win32
		{B437B84A-B4B0-4389-BF5B-7E25FD9DCF3D}.LIB ASM Debug.ActiveCfg = Debug|Win32
		{B437B84A-B4B0-4389-BF5B-7E25FD9DCF3D}.LIB ASM Debug.Build.0 = Debug|Win32
		{B437B84A-B4B0-4389-BF5B-7E25FD9DCF3D}.LIB ASM Release.ActiveCfg = Release|Win32
		{B437B84A-B4B0-4389-BF5B-7E25FD9DCF3D}.LIB ASM Release.Build.0 = Release|Win32
		{B437B84A-B4B0-4389-BF5B-7E25FD9DCF3D}.LIB Debug.ActiveCfg = Debug|Win32
		{B437B84A-B4B0-4389-BF5B-7E25FD9DCF3D}.LIB Debug.Build.0 = Debug|Win32
		{B437B84A-B4B0-4389-BF5B-7E25FD9DCF3D}.LIB Release.ActiveCfg = Release|Win32
		{B437B84A-B4B0-4389-BF5B-7E25FD9DCF3D}.LIB Release.Build.0 = Release|Win32
		{B437B84A-B4B0-4389-BF5B-7E25FD9DCF3D}.Release.ActiveCfg = Release|Win32
		{B437B84A-B4B0-4389-BF5B-7E25FD9DCF3D}.Release.Build.0 = Release|Win32
		{B437B84A-B4B0-4389-BF5B-7E25FD9DCF3D}.Unicode Debug.ActiveCfg = Debug|Win32
		{B437B84A-B4B0-4389-BF5B-7E25FD9DCF3D}.Unicode Debug.Build.0 = Debug|Win32
		{B437B84A-B4B0-4389-BF5B-7E25FD9DCF3D}.Unicode Release.ActiveCfg = Release|Win32
		{B437B84A-B4B0-4389-BF5B-7E25FD9DCF3D}.Unicode Release.Build.0 = Release|Win32
		{0F8DCF94-305E-4655-AFBD-80FF4CF86316}.Debug.ActiveCfg = Debug|Win32
		{0F8DCF94-305E-4655-AFBD-80FF4CF86316}.Debug.Build.0 = Debug|Win32
		{0F8DCF94-305E-4655-AFBD-80FF4CF86316}.Debug (MSLU).ActiveCfg = Debug|Win32
		{0F8DCF94-305E-4655-AFBD-80FF4CF86316}.Debug (MSLU).Build.0 = Debug|Win32
		{0F8DCF94-305E-4655-AFBD-80FF4CF86316}.DLL ASM Debug.ActiveCfg = Debug|Win32
		{0F8DCF94-305E-4655-AFBD-80FF4CF86316}.DLL ASM Debug.Build.0 = Debug|Win32
		{0F8DCF94-305E-4655-AFBD-80FF4CF86316}.DLL ASM Release.ActiveCfg = Release|Win32
		{0F8DCF94-305E-4655-AFBD-80FF4CF86316}.DLL ASM Release.Build.0 = Release|Win32
		{0F8DCF94-305E-4655-AFBD-80FF4CF86316}.DLL Debug.ActiveCfg = Debug|Win32
		{0F8DCF94-305E-4655-AFBD-80FF4CF86316}.DLL Debug.Build.0 = Debug|Win32
		{0F8DCF94-305E-4655-AFBD-80FF4CF86316}.DLL Release.ActiveCfg = Release|Win32
		{0F8DCF94-305E-4655-AFBD-80FF4CF86316}.DLL Release.Build.0 = Release|Win32
		{0F8DCF94-305E-4655-AFBD-80FF4CF86316}.DLL VB.ActiveCfg = Debug|Win32
		{0F8DCF94-305E-4655-AFBD-80FF4CF86316}.DLL VB.Build.0 = Debug|Win32
		{0F8DCF94-305E-4655-AFBD-80FF4CF86316}.LIB ASM Debug.ActiveCfg = Debug|Win32
		{0F8DCF94-305E-4655-AFBD-80FF4CF86316}.LIB ASM Debug.Build.0 = Debug|Win32
		{0F8DCF94-305E-4655-AFBD-80FF4CF86316}.LIB ASM Release.ActiveCfg = Release|Win32
		{0F8DCF94-305E-4655-AFBD-80FF4CF86316}.LIB ASM Release.Build.0 = Release|Win32
		{0F8DCF94-305E-4655-AFBD-80FF4CF86316}.LIB Debug.ActiveCfg = Debug|Win32
		{0F8DCF94-305E-4655-AFBD-80FF4CF86316}.LIB Debug.Build.0 = Debug|Win32
		{0F8DCF94-305E-4655-AFBD-80FF4CF86316}.LIB Release.ActiveCfg = Release|Win32
		{0F8DCF94-305E-4655-AFBD-80FF4CF86316}.LIB Release.Build.0 = Release|Win32
		{0F8DCF94-305E-4655-AFBD-80FF4CF86316}.Release.ActiveCfg = Release|Win32
		{0F8DCF94-305E-4655-AFBD-80FF4CF86316}.Release.Build.0 = Release|Win32
		{0F8DCF94-305E-4655-AFBD-80FF4CF86316}.Unicode Debug.ActiveCfg = Debug|Win32
		{0F8DCF94-305E-4655-AFBD-80FF4CF86316}.Unicode Debug.Build.0 = Debug|Win32
		{0F8DCF94-305E-4655-AFBD-80FF4CF86316}.Unicode Release.ActiveCfg = Release|Win32
		{0F8DCF94-305E-4655-AFBD-80FF4CF86316}.Unicode Release.Build.0 = Release|Win32
		{E27AB0B5-84CC-47E8-8F43-34C4F3FDA71E}.Debug.ActiveCfg = LIB Debug|Win32
		{E27AB0B5-84CC-47E8-8F43-34C4F3FDA71E}.Debug.Build.0 = LIB Debug|Win32
		{E27AB0B5-84CC-47E8-8F43-34C4F3FDA71E}.Debug (MSLU).ActiveCfg = DLL VB|Win32
		{E27AB0B5-84CC-47E8-8F43-34C4F3FDA71E}.Debug (MSLU).Build.0 = DLL VB|Win32
		{E27AB0B5-84CC-47E8-8F43-34C4F3FDA71E}.DLL ASM Debug.ActiveCfg = DLL ASM Debug|Win32
		{E27AB0B5-84CC-47E8-8F43-34C4F3FDA71E}.DLL ASM Debug.Build.0 = DLL ASM Debug|Win32
		{E27AB0B5-84CC-47E8-8F43-34C4F3FDA71E}.DLL ASM Release.ActiveCfg = DLL ASM Release|Win32
		{E27AB0B5-84CC-47E8-8F43-34C4F3FDA71E}.DLL ASM Release.Build.0 = DLL ASM Release|Win32
		{E27AB0B5-84CC-47E8-8F43-34C4F3FDA71E}.DLL Debug.ActiveCfg = DLL Debug|Win32
		{E27AB0B5-84CC-47E8-8F43-34C4F3FDA71E}.DLL Debug.Build.0 = DLL Debug|Win32
		{E27AB0B5-84CC-47E8-8F43-34C4F3FDA71E}.DLL Release.ActiveCfg = DLL Release|Win32
		{E27AB0B5-84CC-47E8-8F43-34C4F3FDA71E}.DLL Release.Build.0 = DLL Release|Win32
		{E27AB0B5-84CC-47E8-8F43-34C4F3FDA71E}.DLL VB.ActiveCfg = DLL VB|Win32
		{E27AB0B5-84CC-47E8-8F43-34C4F3FDA71E}.DLL VB.Build.0 = DLL VB|Win32
		{E27AB0B5-84CC-47E8-8F43-34C4F3FDA71E}.LIB ASM Debug.ActiveCfg = LIB ASM Debug|Win32
		{E27AB0B5-84CC-47E8-8F43-34C4F3FDA71E}.LIB ASM Debug.Build.0 = LIB ASM Debug|Win32
		{E27AB0B5-84CC-47E8-8F43-34C4F3FDA71E}.LIB ASM Release.ActiveCfg = LIB ASM Release|Win32
		{E27AB0B5-84CC-47E8-8F43-34C4F3FDA71E}.LIB ASM Release.Build.0 = LIB ASM Release|Win32
		{E27AB0B5-84CC-47E8-8F43-34C4F3FDA71E}.LIB Debug.ActiveCfg = LIB Debug|Win32
		{E27AB0B5-84CC-47E8-8F43-34C4F3FDA71E}.LIB Debug.Build.0 = LIB Debug|Win32
		{E27AB0B5-84CC-47E8-8F43-34C4F3FDA71E}.LIB Release.ActiveCfg = LIB Release|Win32
		{E27AB0B5-84CC-47E8-8F43-34C4F3FDA71E}.LIB Release.Build.0 = LIB Release|Win32
		{E27AB0B5-84CC-47E8-8F43-34C4F3FDA71E}.Release.ActiveCfg = LIB Release|Win32
		{E27AB0B5-84CC-47E8-8F43-34C4F3FDA71E}.Release.Build.0 = LIB Release|Win32
		{E27AB0B5-84CC-47E8-8F43-34C4F3FDA71E}.Unicode Debug.ActiveCfg = LIB ASM Debug|Win32
		{E27AB0B5-84CC-47E8-8F43-34C4F3FDA71E}.Unicode Debug.Build.0 = LIB ASM Debug|Win32
		{E27AB0B5-84CC-47E8-8F43-34C4F3FDA71E}.Unicode Release.ActiveCfg = LIB ASM Debug|Win32
		{E27AB0B5-84CC-47E8-8F43-34C4F3FDA71E}.Unicode Release.Build.0 = LIB ASM Debug|Win32
		{CC763AB0-5EBF-4A3F-884D-F5E2D12E12F3}.Debug.ActiveCfg = Debug|Win32
		{CC763AB0-5EBF-4A3F-884D-F5E2D12E12F3}.Debug.Build.0 = Debug|Win32
		{CC763AB0-5EBF-4A3F-884D-F5E2D12E12F3}.Debug (MSLU).ActiveCfg = Debug|Win32
		{CC763AB0-5EBF-4A3F-884D-F5E2D12E12F3}.Debug (MSLU).Build.0 = Debug|Win32
		{CC763AB0-5EBF-4A3F-884D-F5E2D12E12F3}.DLL ASM Debug.ActiveCfg = Debug|Win32
		{CC763AB0-5EBF-4A3F-884D-F5E2D12E12F3}.DLL ASM Debug.Build.0 = Debug|Win32
		{CC763AB0-5EBF-4A3F-884D-F5E2D12E12F3}.DLL ASM Release.ActiveCfg = Release|Win32
		{CC763AB0-5EBF-4A3F-884D-F5E2D12E12F3}.DLL ASM Release.Build.0 = Release|Win32
		{CC763AB0-5EBF-4A3F-884D-F5E2D12E12F3}.DLL Debug.ActiveCfg = Debug|Win32
		{CC763AB0-5EBF-4A3F-884D-F5E2D12E12F3}.DLL Debug.Build.0 = Debug|Win32
		{CC763AB0-5EBF-4A3F-884D-F5E2D12E12F3}.DLL Release.ActiveCfg = Release|Win32
		{CC763AB0-5EBF-4A3F-884D-F5E2D12E12F3}.DLL Release.Build.0 = Release|Win32
		{CC763AB0-5EBF-4A3F-884D-F5E2D12E12F3}.DLL VB.ActiveCfg = Debug|Win32
		{CC763AB0-5EBF-4A3F-884D-F5E2D12E12F3}.DLL VB.Build.0 = Debug|Win32
		{CC763AB0-5EBF-4A3F-884D-F5E2D12E12F3}.LIB ASM Debug.ActiveCfg = Debug|Win32
		{CC763AB0-5EBF-4A3F-884D-F5E2D12E12F3}.LIB ASM Debug.Build.0 = Debug|Win32
		{CC763AB0-5EBF-4A3F-884D-F5E2D12E12F3}.LIB ASM Release.ActiveCfg = Release|Win32
		{CC763AB0-5EBF-4A3F-884D-F5E2D12E12F3}.LIB ASM Release.Build.0 = Release|Win32
		{CC763AB0-5EBF-4A3F-884D-F5E2D12E12F3}.LIB Debug.ActiveCfg = Debug|Win32
		{CC763AB0-5EBF-4A3F-884D-F5E2D12E12F3}.LIB Debug.Build.0 = Debug|Win32
		{CC763AB0-5EBF-4A3F-884D-F5E2D12E12F3}.LIB Release.ActiveCfg = Release|Win32
		{CC763AB0-5EBF-4A3F-884D-F5E2D12E12F3}.LIB Release.Build.0 = Release|Win32
		{CC763AB0-5EBF-4A3F-884D-F5E2D12E12F3}.Release.ActiveCfg = Release|Win32
		{CC763AB0-5EBF-4A3F-884D-F5E2D12E12F3}.Release.Build.0 = Release|Win32
		{CC763AB0-5EBF-4A3F-884D-F5E2D12E12F3}.Unicode Debug.ActiveCfg = Debug|Win32
		{CC763AB0-5EBF-4A3F-884D-F5E2D12E12F3}.Unicode Debug.Build.0 = Debug|Win32
		{CC763AB0-5EBF-4A3F-884D-F5E2D12E12F3}.Unicode Release.ActiveCfg = Release|Win32
		{CC763AB0-5EBF-4A3F-884D-F5E2D12E12F3}.Unicode Release.Build.0 = Release|Win32
	EndGlobalSection
	GlobalSection(ExtensibilityGlobals) = postSolution
	EndGlobalSection
	GlobalSection(ExtensibilityAddIns) = postSolution
	EndGlobalSection
	GlobalSection(DevPartner) = postSolution
	EndGlobalSection
	GlobalSection(DevPartner) = postSolution
	EndGlobalSection
	GlobalSection(DevPartner) = postSolution
	EndGlobalSection
	GlobalSection(DevPartner) = postSolution
	EndGlobalSection
	GlobalSection(DevPartner) = postSolution
	EndGlobalSection
EndGlobal
